{
  "name": "drom",
  "version": "1.0.0",
  "lockfileVersion": 1,
  "requires": true,
  "dependencies": {
    "bootstrap": {
      "version": "3.4.1",
      "resolved": "https://registry.npmjs.org/bootstrap/-/bootstrap-3.4.1.tgz",
      "integrity": "sha512-yN5oZVmRCwe5aKwzRj6736nSmKDX7pLYwsXiCj/EYmo16hODaBiT4En5btW/jhBF/seV+XMx3aYwukYC3A49DA=="
    },
    "bootstrap-datepicker": {
      "version": "1.9.0",
      "resolved": "https://registry.npmjs.org/bootstrap-datepicker/-/bootstrap-datepicker-1.9.0.tgz",
      "integrity": "sha512-9rYYbaVOheGYxjOr/+bJCmRPihfy+LkLSg4fIFMT9Od8WwWB/MB50w0JO1eBgKUMbb7PFHQD5uAfI3ArAxZRXA==",
      "requires": {
        "jquery": ">=1.7.1 <4.0.0"
      }
    },
    "bootstrap-select": {
      "version": "1.13.12",
      "resolved": "https://registry.npmjs.org/bootstrap-select/-/bootstrap-select-1.13.12.tgz",
      "integrity": "sha512-epsPt6WpgmL9Q9Y22JFntajdhhqvCwV/JKiBZF3YFvMHK9YzzDPQft/Cjqvsgq0bhF32BlvG03Qs3qA/pVRAqQ=="
    },
    "event-target-shim": {
      "version": "2.0.0",
      "resolved": "https://registry.npmjs.org/event-target-shim/-/event-target-shim-2.0.0.tgz",
      "integrity": "sha1-psB/snNJWjeJ4QW0n8w8sKMI+rQ="
    },
    "happy-inputs": {
      "version": "2.0.4",
      "resolved": "https://registry.npmjs.org/happy-inputs/-/happy-inputs-2.0.4.tgz",
      "integrity": "sha512-3ddO912xhms26FcNqpYJuV09lKsj+h0x7se9cWnTNvNjOmsoeQ7yrfKhNJiLwfmLmhF+Ut4dH8s09TABNsL6Hg=="
    },
    "jquery": {
      "version": "3.4.1",
      "resolved": "https://registry.npmjs.org/jquery/-/jquery-3.4.1.tgz",
      "integrity": "sha512-36+AdBzCL+y6qjw5Tx7HgzeGCzC81MDDgaUP8ld2zhx58HdqXGoBd+tHdrBMiyjGQs0Hxs/MLZTu/eHNJJuWPw=="
    },
    "jquery-param": {
      "version": "0.1.2",
      "resolved": "https://registry.npmjs.org/jquery-param/-/jquery-param-0.1.2.tgz",
      "integrity": "sha1-F7GHH9eQfgNwZGS7b2ZIW5ua8pM="
    },
    "jquery-sortable-lists": {
      "version": "1.4.0",
      "resolved": "https://registry.npmjs.org/jquery-sortable-lists/-/jquery-sortable-lists-1.4.0.tgz",
      "integrity": "sha512-/sokRRvWjkw9sxbzDw+blIJWGmN7pUaElSWpl2rSlvSmXVpkx9dIirp4Ija7iL/5LnVL9m3ilY01McZ2c81XZg==",
      "requires": {
        "jquery": ">=1 <3.0.0"
      },
      "dependencies": {
        "jquery": {
          "version": "2.2.4",
          "resolved": "https://registry.npmjs.org/jquery/-/jquery-2.2.4.tgz",
          "integrity": "sha1-LInWiJterFIqfuoywUUhVZxsvwI="
        }
      }
    },
    "naja": {
      "version": "1.7.0",
      "resolved": "https://registry.npmjs.org/naja/-/naja-1.7.0.tgz",
      "integrity": "sha512-dVeK26mWXJpC76ukIRkXDqL4TT6jEu8HNpXElYJnZNz0dXGts8jL4YJqpSQ89PxIh98riY4WxKpeMpBvPqWITA==",
      "requires": {
        "event-target-shim": "^2.0.0",
        "object-assign": "^4.1.0",
        "qwest": "^4.4.5"
      }
    },
    "object-assign": {
      "version": "4.1.1",
      "resolved": "https://registry.npmjs.org/object-assign/-/object-assign-4.1.1.tgz",
      "integrity": "sha1-IQmtx5ZYh8/AXLvUQsrIv7s2CGM="
    },
    "pinkyswear": {
      "version": "2.2.3",
      "resolved": "https://registry.npmjs.org/pinkyswear/-/pinkyswear-2.2.3.tgz",
      "integrity": "sha1-5Ym3LCaKCdDkZFiGHWuMzFySGjs="
    },
    "qwest": {
      "version": "4.5.0",
      "resolved": "https://registry.npmjs.org/qwest/-/qwest-4.5.0.tgz",
      "integrity": "sha1-8zF0OiaMR0qTESu9MNbFi6+hpcg=",
      "requires": {
        "jquery-param": "^0.1.2",
        "pinkyswear": "^2.2.2"
      }
    },
    "ublaboo-datagrid": {
      "version": "6.2.10",
      "resolved": "https://registry.npmjs.org/ublaboo-datagrid/-/ublaboo-datagrid-6.2.10.tgz",
      "integrity": "sha512-6cmZYk2ehxlTfvNiaJ4Rx/5Fo9bIEELTsyhLsZC0uKVs/TejsJUh9UN2PqTAlKzqn24JuHZVOn5ZRGR0dUNZyg=="
    }
  }
}
