{
  "name": "drom",
  "version": "1.0.0",
  "lockfileVersion": 1,
  "requires": true,
  "dependencies": {
    "bootstrap": {
      "version": "3.4.1",
      "resolved": "https://registry.npmjs.org/bootstrap/-/bootstrap-3.4.1.tgz",
      "integrity": "sha512-yN5oZVmRCwe5aKwzRj6736nSmKDX7pLYwsXiCj/EYmo16hODaBiT4En5btW/jhBF/seV+XMx3aYwukYC3A49DA=="
    },
    "jquery": {
      "version": "3.4.1",
      "resolved": "https://registry.npmjs.org/jquery/-/jquery-3.4.1.tgz",
      "integrity": "sha512-36+AdBzCL+y6qjw5Tx7HgzeGCzC81MDDgaUP8ld2zhx58HdqXGoBd+tHdrBMiyjGQs0Hxs/MLZTu/eHNJJuWPw=="
    },
    "nette-forms": {
      "version": "2.4.9",
      "resolved": "https://registry.npmjs.org/nette-forms/-/nette-forms-2.4.9.tgz",
      "integrity": "sha512-uezQ4b+yn9e91u7RVi2DTddzybbSotilkEF8ZoyefQ+KmmrZj9sCg/PkNu7BgUFrI3KsNEBEpDcwnmo7A/hxvA=="
    },
    "nette.ajax.js": {
      "version": "2.3.0",
      "resolved": "https://registry.npmjs.org/nette.ajax.js/-/nette.ajax.js-2.3.0.tgz",
      "integrity": "sha1-QmdSyyoAmIVw7XCqK9xY0HLMA1Q="
    },
    "nittro": {
      "version": "2.0.61",
      "resolved": "https://registry.npmjs.org/nittro/-/nittro-2.0.61.tgz",
      "integrity": "sha512-WJD3bmx5joadxwlQgUlRsFJY9o6r8XWBu91PC/YFkEw0VVknyNdFO6JJYlmsZQW5X2Qw7g/Os73Sxj+WpC6Faw==",
      "requires": {
        "nittro-ajax": "^2.0.5",
        "nittro-core": "^2.0.19",
        "nittro-datetime": "^2.0.0",
        "nittro-di": "^2.0.0",
        "nittro-flashes": "^2.0.2",
        "nittro-forms": "^2.0.11",
        "nittro-neon": "^2.0.0",
        "nittro-page": "^2.0.36",
        "nittro-routing": "^2.0.0"
      }
    },
    "nittro-ajax": {
      "version": "2.0.5",
      "resolved": "https://registry.npmjs.org/nittro-ajax/-/nittro-ajax-2.0.5.tgz",
      "integrity": "sha512-WjaCl88HN5AEikmfBTpv+dVvcdKufB184jwUun7gU4izszfv5BRtkFENXJrUwAy85BHc+fIs6l3mw15BUH1Vrg==",
      "requires": {
        "nittro-core": "^2.0.0"
      }
    },
    "nittro-core": {
      "version": "2.0.21",
      "resolved": "https://registry.npmjs.org/nittro-core/-/nittro-core-2.0.21.tgz",
      "integrity": "sha512-1IQ0ZJM5G18cLCDNDs5UiGXO1auUOI9nGc1eAuLfgh/Q7knT4q7ECl5724t82FHHqHeRzvHeBV5onNbCVGlCng==",
      "requires": {
        "promiz": "^1.0.5"
      }
    },
    "nittro-datetime": {
      "version": "2.0.0",
      "resolved": "https://registry.npmjs.org/nittro-datetime/-/nittro-datetime-2.0.0.tgz",
      "integrity": "sha1-1o9jLthXcgRmQi2rrGEE43nLXPU=",
      "requires": {
        "nittro-core": "^2.0.0"
      }
    },
    "nittro-di": {
      "version": "2.0.0",
      "resolved": "https://registry.npmjs.org/nittro-di/-/nittro-di-2.0.0.tgz",
      "integrity": "sha1-LinNHafb0jKWT/ucYFL4k7KcmiY=",
      "requires": {
        "nittro-core": "^2.0.0",
        "nittro-neon": "^2.0.0"
      }
    },
    "nittro-flashes": {
      "version": "2.0.2",
      "resolved": "https://registry.npmjs.org/nittro-flashes/-/nittro-flashes-2.0.2.tgz",
      "integrity": "sha512-AHXkHqnyhjEyYumCX05CjF34AgXwKKumroOFvRYiN6LbVZobhw5kRi31nyh4IaI3ZQUc7aFOjpNx0/GYq2vAIA==",
      "requires": {
        "nittro-core": "^2.0.0"
      }
    },
    "nittro-forms": {
      "version": "2.0.11",
      "resolved": "https://registry.npmjs.org/nittro-forms/-/nittro-forms-2.0.11.tgz",
      "integrity": "sha512-zqbpQ6g9xy59Cw9mpZmFLQo3lKRUjCDIv4crHqAu1tEwR8A58Nse2tFmZUFUO/r3cgDYPTRm0pkUag9gmdOMDw==",
      "requires": {
        "nette-forms": "^2.4.0",
        "nittro-core": "^2.0.0"
      }
    },
    "nittro-neon": {
      "version": "2.0.0",
      "resolved": "https://registry.npmjs.org/nittro-neon/-/nittro-neon-2.0.0.tgz",
      "integrity": "sha1-lKRFoVTMfBFMI/bwtPN8ym+WddQ=",
      "requires": {
        "nittro-core": "^2.0.0",
        "nittro-datetime": "^2.0.0"
      }
    },
    "nittro-page": {
      "version": "2.0.36",
      "resolved": "https://registry.npmjs.org/nittro-page/-/nittro-page-2.0.36.tgz",
      "integrity": "sha512-WuKIZOMXrZjD5VduXOAgU50sOmfB0mo0tyTMDpUtgDSRRtPmlFqSbRLiHs/I4BoNZi4iDTpp1t8f7bNhIMkgIg==",
      "requires": {
        "nittro-ajax": "^2.0.2",
        "nittro-core": "^2.0.7"
      }
    },
    "nittro-routing": {
      "version": "2.0.0",
      "resolved": "https://registry.npmjs.org/nittro-routing/-/nittro-routing-2.0.0.tgz",
      "integrity": "sha1-6H+n1L/MaGyhn5Av9/oz51W5+vA=",
      "requires": {
        "nittro-core": "^2.0.0"
      }
    },
    "promiz": {
      "version": "1.0.5",
      "resolved": "https://registry.npmjs.org/promiz/-/promiz-1.0.5.tgz",
      "integrity": "sha1-8m/bKYdWWJeC9lCaax61SnA40zU="
    },
    "ublaboo-datagrid": {
      "version": "6.2.10",
      "resolved": "https://registry.npmjs.org/ublaboo-datagrid/-/ublaboo-datagrid-6.2.10.tgz",
      "integrity": "sha512-6cmZYk2ehxlTfvNiaJ4Rx/5Fo9bIEELTsyhLsZC0uKVs/TejsJUh9UN2PqTAlKzqn24JuHZVOn5ZRGR0dUNZyg=="
    }
  }
}
